
Microsoft Visual Studio Solution File, Format Version 12.00
# Visual Studio Version 16
VisualStudioVersion = 16.0.31129.286
MinimumVisualStudioVersion = 10.0.40219.1
Project("{FAE04EC0-301F-11D3-BF4B-00C04F79EFBC}") = "MatrixOperations", "MatrixOperations\MatrixOperations.csproj", "{F798D6C2-7A6D-492E-AE7C-1223AEC2CA7F}"
EndProject
Project("{FAE04EC0-301F-11D3-BF4B-00C04F79EFBC}") = "Lab3Test", "Lab3Test\Lab3Test.csproj", "{70B11E8D-62F3-4202-A705-D8B53A5D6003}"
EndProject
Global
	GlobalSection(SolutionConfigurationPlatforms) = preSolution
		Debug|Any CPU = Debug|Any CPU
		Release|Any CPU = Release|Any CPU
	EndGlobalSection
	GlobalSection(ProjectConfigurationPlatforms) = postSolution
		{F798D6C2-7A6D-492E-AE7C-1223AEC2CA7F}.Debug|Any CPU.ActiveCfg = Debug|Any CPU
		{F798D6C2-7A6D-492E-AE7C-1223AEC2CA7F}.Debug|Any CPU.Build.0 = Debug|Any CPU
		{F798D6C2-7A6D-492E-AE7C-1223AEC2CA7F}.Release|Any CPU.ActiveCfg = Release|Any CPU
		{F798D6C2-7A6D-492E-AE7C-1223AEC2CA7F}.Release|Any CPU.Build.0 = Release|Any CPU
		{70B11E8D-62F3-4202-A705-D8B53A5D6003}.Debug|Any CPU.ActiveCfg = Debug|Any CPU
		{70B11E8D-62F3-4202-A705-D8B53A5D6003}.Debug|Any CPU.Build.0 = Debug|Any CPU
		{70B11E8D-62F3-4202-A705-D8B53A5D6003}.Release|Any CPU.ActiveCfg = Release|Any CPU
		{70B11E8D-62F3-4202-A705-D8B53A5D6003}.Release|Any CPU.Build.0 = Release|Any CPU
	EndGlobalSection
	GlobalSection(SolutionProperties) = preSolution
		HideSolutionNode = FALSE
	EndGlobalSection
	GlobalSection(ExtensibilityGlobals) = postSolution
		SolutionGuid = {BB0A79AA-7083-4CFA-9124-9DB9ADAEEAED}
	EndGlobalSection
EndGlobal
